// !$*UTF8*$!
{
	archiveVersion = 1;
	classes = {
	};
	objectVersion = 50;
	objects = {

/* Begin PBXBuildFile section */
		372A068A24676746001EC163 /* AppDelegate.swift in Sources */ = {isa = PBXBuildFile; fileRef = 372A068924676746001EC163 /* AppDelegate.swift */; };
		372A068C24676746001EC163 /* SceneDelegate.swift in Sources */ = {isa = PBXBuildFile; fileRef = 372A068B24676746001EC163 /* SceneDelegate.swift */; };
		372A068E24676746001EC163 /* LoginViewController.swift in Sources */ = {isa = PBXBuildFile; fileRef = 372A068D24676746001EC163 /* LoginViewController.swift */; };
		372A069124676746001EC163 /* Main.storyboard in Resources */ = {isa = PBXBuildFile; fileRef = 372A068F24676746001EC163 /* Main.storyboard */; };
		372A06932467674B001EC163 /* Assets.xcassets in Resources */ = {isa = PBXBuildFile; fileRef = 372A06922467674B001EC163 /* Assets.xcassets */; };
		372A06962467674B001EC163 /* LaunchScreen.storyboard in Resources */ = {isa = PBXBuildFile; fileRef = 372A06942467674B001EC163 /* LaunchScreen.storyboard */; };
		372A06A024677863001EC163 /* LoginPresenter.swift in Sources */ = {isa = PBXBuildFile; fileRef = 372A069F24677863001EC163 /* LoginPresenter.swift */; };
		372A06A2246779AA001EC163 /* LoginProtocols.swift in Sources */ = {isa = PBXBuildFile; fileRef = 372A06A1246779AA001EC163 /* LoginProtocols.swift */; };
		372A06A524677CC5001EC163 /* LoginRouter.swift in Sources */ = {isa = PBXBuildFile; fileRef = 372A06A424677CC5001EC163 /* LoginRouter.swift */; };
		372A06A724677CD4001EC163 /* LoginInteractor.swift in Sources */ = {isa = PBXBuildFile; fileRef = 372A06A624677CD4001EC163 /* LoginInteractor.swift */; };
		374276A824678A6C00E2A635 /* Constants.swift in Sources */ = {isa = PBXBuildFile; fileRef = 374276A724678A6C00E2A635 /* Constants.swift */; };
		374276AA2467908C00E2A635 /* LoginResponses.swift in Sources */ = {isa = PBXBuildFile; fileRef = 374276A92467908C00E2A635 /* LoginResponses.swift */; };
		374276AD246793D400E2A635 /* OTMAPIClient.swift in Sources */ = {isa = PBXBuildFile; fileRef = 374276AC246793D400E2A635 /* OTMAPIClient.swift */; };
		374276B0246795F200E2A635 /* LoginRequests.swift in Sources */ = {isa = PBXBuildFile; fileRef = 374276AF246795F200E2A635 /* LoginRequests.swift */; };
		374276B224679D8000E2A635 /* NetworkingModels.swift in Sources */ = {isa = PBXBuildFile; fileRef = 374276B124679D8000E2A635 /* NetworkingModels.swift */; };
		37E790E924703D3800965E0D /* UINavigationItemExtension.swift in Sources */ = {isa = PBXBuildFile; fileRef = 37E790E824703D3800965E0D /* UINavigationItemExtension.swift */; };
		37E790EC2470401700965E0D /* TabsViewController.swift in Sources */ = {isa = PBXBuildFile; fileRef = 37E790EB2470401700965E0D /* TabsViewController.swift */; };
		37E790EE24704B1E00965E0D /* TabsPresenter.swift in Sources */ = {isa = PBXBuildFile; fileRef = 37E790ED24704B1E00965E0D /* TabsPresenter.swift */; };
		37E790F024704B2700965E0D /* TabsRouter.swift in Sources */ = {isa = PBXBuildFile; fileRef = 37E790EF24704B2700965E0D /* TabsRouter.swift */; };
		37E790F224704B3C00965E0D /* TabsProtocols.swift in Sources */ = {isa = PBXBuildFile; fileRef = 37E790F124704B3C00965E0D /* TabsProtocols.swift */; };
		37E790F52470553D00965E0D /* MapViewController.swift in Sources */ = {isa = PBXBuildFile; fileRef = 37E790F42470553D00965E0D /* MapViewController.swift */; };
		37E790F7247058C800965E0D /* MapProtocols.swift in Sources */ = {isa = PBXBuildFile; fileRef = 37E790F6247058C800965E0D /* MapProtocols.swift */; };
		37E790F92470620200965E0D /* ViewControllersFactory.swift in Sources */ = {isa = PBXBuildFile; fileRef = 37E790F82470620200965E0D /* ViewControllersFactory.swift */; };
		37E790FC24706B6100965E0D /* LocationListViewController.swift in Sources */ = {isa = PBXBuildFile; fileRef = 37E790FB24706B6100965E0D /* LocationListViewController.swift */; };
		37E790FE24706E9800965E0D /* MapPresenter.swift in Sources */ = {isa = PBXBuildFile; fileRef = 37E790FD24706E9800965E0D /* MapPresenter.swift */; };
		37E7910024706F5700965E0D /* MapRouter.swift in Sources */ = {isa = PBXBuildFile; fileRef = 37E790FF24706F5700965E0D /* MapRouter.swift */; };
		37E7910224706F9800965E0D /* MapInteractor.swift in Sources */ = {isa = PBXBuildFile; fileRef = 37E7910124706F9800965E0D /* MapInteractor.swift */; };
		37E79104247071F000965E0D /* UIViewControllerExtension.swift in Sources */ = {isa = PBXBuildFile; fileRef = 37E79103247071F000965E0D /* UIViewControllerExtension.swift */; };
		37E7911224717BFF00965E0D /* StudentInfo.swift in Sources */ = {isa = PBXBuildFile; fileRef = 37E7911124717BFF00965E0D /* StudentInfo.swift */; };
		37E791152471954600965E0D /* PinAnnotation.swift in Sources */ = {isa = PBXBuildFile; fileRef = 37E791142471954600965E0D /* PinAnnotation.swift */; };
		37E791172471B83800965E0D /* MKMapViewExtension.swift in Sources */ = {isa = PBXBuildFile; fileRef = 37E791162471B83800965E0D /* MKMapViewExtension.swift */; };
		37E7911B2471C64400965E0D /* LocationListPresenter.swift in Sources */ = {isa = PBXBuildFile; fileRef = 37E7911A2471C64400965E0D /* LocationListPresenter.swift */; };
		37E7911D2471C65700965E0D /* LocationListRouter.swift in Sources */ = {isa = PBXBuildFile; fileRef = 37E7911C2471C65700965E0D /* LocationListRouter.swift */; };
		37E7911F2471C66E00965E0D /* LocationListProtocols.swift in Sources */ = {isa = PBXBuildFile; fileRef = 37E7911E2471C66E00965E0D /* LocationListProtocols.swift */; };
		37E791212471C68400965E0D /* LocationListInteractor.swift in Sources */ = {isa = PBXBuildFile; fileRef = 37E791202471C68400965E0D /* LocationListInteractor.swift */; };
/* End PBXBuildFile section */

/* Begin PBXFileReference section */
		372A068624676746001EC163 /* On The Map.app */ = {isa = PBXFileReference; explicitFileType = wrapper.application; includeInIndex = 0; path = "On The Map.app"; sourceTree = BUILT_PRODUCTS_DIR; };
		372A068924676746001EC163 /* AppDelegate.swift */ = {isa = PBXFileReference; lastKnownFileType = sourcecode.swift; path = AppDelegate.swift; sourceTree = "<group>"; };
		372A068B24676746001EC163 /* SceneDelegate.swift */ = {isa = PBXFileReference; lastKnownFileType = sourcecode.swift; path = SceneDelegate.swift; sourceTree = "<group>"; };
		372A068D24676746001EC163 /* LoginViewController.swift */ = {isa = PBXFileReference; lastKnownFileType = sourcecode.swift; path = LoginViewController.swift; sourceTree = "<group>"; };
		372A069024676746001EC163 /* Base */ = {isa = PBXFileReference; lastKnownFileType = file.storyboard; name = Base; path = Base.lproj/Main.storyboard; sourceTree = "<group>"; };
		372A06922467674B001EC163 /* Assets.xcassets */ = {isa = PBXFileReference; lastKnownFileType = folder.assetcatalog; path = Assets.xcassets; sourceTree = "<group>"; };
		372A06952467674B001EC163 /* Base */ = {isa = PBXFileReference; lastKnownFileType = file.storyboard; name = Base; path = Base.lproj/LaunchScreen.storyboard; sourceTree = "<group>"; };
		372A06972467674B001EC163 /* Info.plist */ = {isa = PBXFileReference; lastKnownFileType = text.plist.xml; path = Info.plist; sourceTree = "<group>"; };
		372A069F24677863001EC163 /* LoginPresenter.swift */ = {isa = PBXFileReference; lastKnownFileType = sourcecode.swift; path = LoginPresenter.swift; sourceTree = "<group>"; };
		372A06A1246779AA001EC163 /* LoginProtocols.swift */ = {isa = PBXFileReference; lastKnownFileType = sourcecode.swift; path = LoginProtocols.swift; sourceTree = "<group>"; };
		372A06A424677CC5001EC163 /* LoginRouter.swift */ = {isa = PBXFileReference; lastKnownFileType = sourcecode.swift; path = LoginRouter.swift; sourceTree = "<group>"; };
		372A06A624677CD4001EC163 /* LoginInteractor.swift */ = {isa = PBXFileReference; lastKnownFileType = sourcecode.swift; path = LoginInteractor.swift; sourceTree = "<group>"; };
		374276A724678A6C00E2A635 /* Constants.swift */ = {isa = PBXFileReference; lastKnownFileType = sourcecode.swift; path = Constants.swift; sourceTree = "<group>"; };
		374276A92467908C00E2A635 /* LoginResponses.swift */ = {isa = PBXFileReference; lastKnownFileType = sourcecode.swift; path = LoginResponses.swift; sourceTree = "<group>"; };
		374276AC246793D400E2A635 /* OTMAPIClient.swift */ = {isa = PBXFileReference; lastKnownFileType = sourcecode.swift; path = OTMAPIClient.swift; sourceTree = "<group>"; };
		374276AF246795F200E2A635 /* LoginRequests.swift */ = {isa = PBXFileReference; lastKnownFileType = sourcecode.swift; path = LoginRequests.swift; sourceTree = "<group>"; };
		374276B124679D8000E2A635 /* NetworkingModels.swift */ = {isa = PBXFileReference; lastKnownFileType = sourcecode.swift; path = NetworkingModels.swift; sourceTree = "<group>"; };
		37E790E824703D3800965E0D /* UINavigationItemExtension.swift */ = {isa = PBXFileReference; lastKnownFileType = sourcecode.swift; path = UINavigationItemExtension.swift; sourceTree = "<group>"; };
		37E790EB2470401700965E0D /* TabsViewController.swift */ = {isa = PBXFileReference; lastKnownFileType = sourcecode.swift; path = TabsViewController.swift; sourceTree = "<group>"; };
		37E790ED24704B1E00965E0D /* TabsPresenter.swift */ = {isa = PBXFileReference; lastKnownFileType = sourcecode.swift; path = TabsPresenter.swift; sourceTree = "<group>"; };
		37E790EF24704B2700965E0D /* TabsRouter.swift */ = {isa = PBXFileReference; lastKnownFileType = sourcecode.swift; path = TabsRouter.swift; sourceTree = "<group>"; };
		37E790F124704B3C00965E0D /* TabsProtocols.swift */ = {isa = PBXFileReference; lastKnownFileType = sourcecode.swift; path = TabsProtocols.swift; sourceTree = "<group>"; };
		37E790F42470553D00965E0D /* MapViewController.swift */ = {isa = PBXFileReference; lastKnownFileType = sourcecode.swift; path = MapViewController.swift; sourceTree = "<group>"; };
		37E790F6247058C800965E0D /* MapProtocols.swift */ = {isa = PBXFileReference; lastKnownFileType = sourcecode.swift; path = MapProtocols.swift; sourceTree = "<group>"; };
		37E790F82470620200965E0D /* ViewControllersFactory.swift */ = {isa = PBXFileReference; lastKnownFileType = sourcecode.swift; path = ViewControllersFactory.swift; sourceTree = "<group>"; };
		37E790FB24706B6100965E0D /* LocationListViewController.swift */ = {isa = PBXFileReference; lastKnownFileType = sourcecode.swift; path = LocationListViewController.swift; sourceTree = "<group>"; };
		37E790FD24706E9800965E0D /* MapPresenter.swift */ = {isa = PBXFileReference; lastKnownFileType = sourcecode.swift; path = MapPresenter.swift; sourceTree = "<group>"; };
		37E790FF24706F5700965E0D /* MapRouter.swift */ = {isa = PBXFileReference; lastKnownFileType = sourcecode.swift; path = MapRouter.swift; sourceTree = "<group>"; };
		37E7910124706F9800965E0D /* MapInteractor.swift */ = {isa = PBXFileReference; lastKnownFileType = sourcecode.swift; path = MapInteractor.swift; sourceTree = "<group>"; };
		37E79103247071F000965E0D /* UIViewControllerExtension.swift */ = {isa = PBXFileReference; lastKnownFileType = sourcecode.swift; path = UIViewControllerExtension.swift; sourceTree = "<group>"; };
		37E7911124717BFF00965E0D /* StudentInfo.swift */ = {isa = PBXFileReference; lastKnownFileType = sourcecode.swift; path = StudentInfo.swift; sourceTree = "<group>"; };
		37E791142471954600965E0D /* PinAnnotation.swift */ = {isa = PBXFileReference; lastKnownFileType = sourcecode.swift; path = PinAnnotation.swift; sourceTree = "<group>"; };
		37E791162471B83800965E0D /* MKMapViewExtension.swift */ = {isa = PBXFileReference; lastKnownFileType = sourcecode.swift; path = MKMapViewExtension.swift; sourceTree = "<group>"; };
		37E7911A2471C64400965E0D /* LocationListPresenter.swift */ = {isa = PBXFileReference; lastKnownFileType = sourcecode.swift; path = LocationListPresenter.swift; sourceTree = "<group>"; };
		37E7911C2471C65700965E0D /* LocationListRouter.swift */ = {isa = PBXFileReference; lastKnownFileType = sourcecode.swift; path = LocationListRouter.swift; sourceTree = "<group>"; };
		37E7911E2471C66E00965E0D /* LocationListProtocols.swift */ = {isa = PBXFileReference; lastKnownFileType = sourcecode.swift; path = LocationListProtocols.swift; sourceTree = "<group>"; };
		37E791202471C68400965E0D /* LocationListInteractor.swift */ = {isa = PBXFileReference; lastKnownFileType = sourcecode.swift; path = LocationListInteractor.swift; sourceTree = "<group>"; };
/* End PBXFileReference section */

/* Begin PBXFrameworksBuildPhase section */
		372A068324676746001EC163 /* Frameworks */ = {
			isa = PBXFrameworksBuildPhase;
			buildActionMask = 2147483647;
			files = (
			);
			runOnlyForDeploymentPostprocessing = 0;
		};
/* End PBXFrameworksBuildPhase section */

/* Begin PBXGroup section */
		372A067D24676746001EC163 = {
			isa = PBXGroup;
			children = (
				372A068824676746001EC163 /* On The Map */,
				372A068724676746001EC163 /* Products */,
			);
			sourceTree = "<group>";
		};
		372A068724676746001EC163 /* Products */ = {
			isa = PBXGroup;
			children = (
				372A068624676746001EC163 /* On The Map.app */,
			);
			name = Products;
			sourceTree = "<group>";
		};
		372A068824676746001EC163 /* On The Map */ = {
			isa = PBXGroup;
			children = (
				37E7910C2471795B00965E0D /* Models */,
				374276AB246793B600E2A635 /* Networking */,
				372A06A324677A7C001EC163 /* Utils */,
				372A069D24677841001EC163 /* Sections */,
				372A068924676746001EC163 /* AppDelegate.swift */,
				372A068B24676746001EC163 /* SceneDelegate.swift */,
				372A068F24676746001EC163 /* Main.storyboard */,
				372A06922467674B001EC163 /* Assets.xcassets */,
				372A06942467674B001EC163 /* LaunchScreen.storyboard */,
				372A06972467674B001EC163 /* Info.plist */,
			);
			path = "On The Map";
			sourceTree = "<group>";
		};
		372A069D24677841001EC163 /* Sections */ = {
			isa = PBXGroup;
			children = (
				37E790FA24706B4800965E0D /* LocationsList */,
				37E790F32470552700965E0D /* Map */,
				37E790EA24703FED00965E0D /* RootTabs */,
				372A069E24677849001EC163 /* Login */,
			);
			path = Sections;
			sourceTree = "<group>";
		};
		372A069E24677849001EC163 /* Login */ = {
			isa = PBXGroup;
			children = (
				372A068D24676746001EC163 /* LoginViewController.swift */,
				372A069F24677863001EC163 /* LoginPresenter.swift */,
				372A06A624677CD4001EC163 /* LoginInteractor.swift */,
				372A06A424677CC5001EC163 /* LoginRouter.swift */,
				372A06A1246779AA001EC163 /* LoginProtocols.swift */,
			);
			path = Login;
			sourceTree = "<group>";
		};
		372A06A324677A7C001EC163 /* Utils */ = {
			isa = PBXGroup;
			children = (
				374276B324679DA600E2A635 /* Extensions */,
				374276A724678A6C00E2A635 /* Constants.swift */,
				37E790F82470620200965E0D /* ViewControllersFactory.swift */,
			);
			path = Utils;
			sourceTree = "<group>";
		};
		374276AB246793B600E2A635 /* Networking */ = {
			isa = PBXGroup;
			children = (
				374276AC246793D400E2A635 /* OTMAPIClient.swift */,
			);
			path = Networking;
			sourceTree = "<group>";
		};
		374276AE246795CD00E2A635 /* LoginModels */ = {
			isa = PBXGroup;
			children = (
				374276A92467908C00E2A635 /* LoginResponses.swift */,
				374276AF246795F200E2A635 /* LoginRequests.swift */,
			);
			path = LoginModels;
			sourceTree = "<group>";
		};
		374276B324679DA600E2A635 /* Extensions */ = {
			isa = PBXGroup;
			children = (
				37E790E824703D3800965E0D /* UINavigationItemExtension.swift */,
				37E79103247071F000965E0D /* UIViewControllerExtension.swift */,
				37E791162471B83800965E0D /* MKMapViewExtension.swift */,
			);
			path = Extensions;
			sourceTree = "<group>";
		};
		37E790EA24703FED00965E0D /* RootTabs */ = {
			isa = PBXGroup;
			children = (
				37E790EB2470401700965E0D /* TabsViewController.swift */,
				37E790ED24704B1E00965E0D /* TabsPresenter.swift */,
				37E790EF24704B2700965E0D /* TabsRouter.swift */,
				37E790F124704B3C00965E0D /* TabsProtocols.swift */,
			);
			path = RootTabs;
			sourceTree = "<group>";
		};
		37E790F32470552700965E0D /* Map */ = {
			isa = PBXGroup;
			children = (
				37E790F42470553D00965E0D /* MapViewController.swift */,
				37E790F6247058C800965E0D /* MapProtocols.swift */,
				37E790FD24706E9800965E0D /* MapPresenter.swift */,
				37E790FF24706F5700965E0D /* MapRouter.swift */,
				37E7910124706F9800965E0D /* MapInteractor.swift */,
			);
			path = Map;
			sourceTree = "<group>";
		};
		37E790FA24706B4800965E0D /* LocationsList */ = {
			isa = PBXGroup;
			children = (
				37E790FB24706B6100965E0D /* LocationListViewController.swift */,
				37E7911A2471C64400965E0D /* LocationListPresenter.swift */,
				37E7911C2471C65700965E0D /* LocationListRouter.swift */,
				37E7911E2471C66E00965E0D /* LocationListProtocols.swift */,
				37E791202471C68400965E0D /* LocationListInteractor.swift */,
			);
			path = LocationsList;
			sourceTree = "<group>";
		};
		37E7910C2471795B00965E0D /* Models */ = {
			isa = PBXGroup;
			children = (
				37E791132471953000965E0D /* MapModels */,
				374276B124679D8000E2A635 /* NetworkingModels.swift */,
				374276AE246795CD00E2A635 /* LoginModels */,
				37E7911124717BFF00965E0D /* StudentInfo.swift */,
			);
			path = Models;
			sourceTree = "<group>";
		};
		37E791132471953000965E0D /* MapModels */ = {
			isa = PBXGroup;
			children = (
				37E791142471954600965E0D /* PinAnnotation.swift */,
			);
			path = MapModels;
			sourceTree = "<group>";
		};
/* End PBXGroup section */

/* Begin PBXNativeTarget section */
		372A068524676746001EC163 /* On The Map */ = {
			isa = PBXNativeTarget;
			buildConfigurationList = 372A069A2467674B001EC163 /* Build configuration list for PBXNativeTarget "On The Map" */;
			buildPhases = (
				372A068224676746001EC163 /* Sources */,
				372A068324676746001EC163 /* Frameworks */,
				372A068424676746001EC163 /* Resources */,
			);
			buildRules = (
			);
			dependencies = (
			);
			name = "On The Map";
			productName = "On The Map";
			productReference = 372A068624676746001EC163 /* On The Map.app */;
			productType = "com.apple.product-type.application";
		};
/* End PBXNativeTarget section */

/* Begin PBXProject section */
		372A067E24676746001EC163 /* Project object */ = {
			isa = PBXProject;
			attributes = {
				LastSwiftUpdateCheck = 1130;
				LastUpgradeCheck = 1130;
				ORGANIZATIONNAME = gerardo;
				TargetAttributes = {
					372A068524676746001EC163 = {
						CreatedOnToolsVersion = 11.3.1;
					};
				};
			};
			buildConfigurationList = 372A068124676746001EC163 /* Build configuration list for PBXProject "On The Map" */;
			compatibilityVersion = "Xcode 9.3";
			developmentRegion = en;
			hasScannedForEncodings = 0;
			knownRegions = (
				en,
				Base,
			);
			mainGroup = 372A067D24676746001EC163;
			productRefGroup = 372A068724676746001EC163 /* Products */;
			projectDirPath = "";
			projectRoot = "";
			targets = (
				372A068524676746001EC163 /* On The Map */,
			);
		};
/* End PBXProject section */

/* Begin PBXResourcesBuildPhase section */
		372A068424676746001EC163 /* Resources */ = {
			isa = PBXResourcesBuildPhase;
			buildActionMask = 2147483647;
			files = (
				372A06962467674B001EC163 /* LaunchScreen.storyboard in Resources */,
				372A06932467674B001EC163 /* Assets.xcassets in Resources */,
				372A069124676746001EC163 /* Main.storyboard in Resources */,
			);
			runOnlyForDeploymentPostprocessing = 0;
		};
/* End PBXResourcesBuildPhase section */

/* Begin PBXSourcesBuildPhase section */
		372A068224676746001EC163 /* Sources */ = {
			isa = PBXSourcesBuildPhase;
			buildActionMask = 2147483647;
			files = (
				372A06A024677863001EC163 /* LoginPresenter.swift in Sources */,
				37E790F92470620200965E0D /* ViewControllersFactory.swift in Sources */,
				37E79104247071F000965E0D /* UIViewControllerExtension.swift in Sources */,
				374276AD246793D400E2A635 /* OTMAPIClient.swift in Sources */,
				37E790FE24706E9800965E0D /* MapPresenter.swift in Sources */,
				37E7911D2471C65700965E0D /* LocationListRouter.swift in Sources */,
				37E7910024706F5700965E0D /* MapRouter.swift in Sources */,
				37E791212471C68400965E0D /* LocationListInteractor.swift in Sources */,
				372A068E24676746001EC163 /* LoginViewController.swift in Sources */,
				372A06A724677CD4001EC163 /* LoginInteractor.swift in Sources */,
				374276AA2467908C00E2A635 /* LoginResponses.swift in Sources */,
				37E791172471B83800965E0D /* MKMapViewExtension.swift in Sources */,
				374276B224679D8000E2A635 /* NetworkingModels.swift in Sources */,
				37E790F024704B2700965E0D /* TabsRouter.swift in Sources */,
				37E790E924703D3800965E0D /* UINavigationItemExtension.swift in Sources */,
				374276B0246795F200E2A635 /* LoginRequests.swift in Sources */,
				37E790FC24706B6100965E0D /* LocationListViewController.swift in Sources */,
				37E790F7247058C800965E0D /* MapProtocols.swift in Sources */,
				37E790EC2470401700965E0D /* TabsViewController.swift in Sources */,
				37E791152471954600965E0D /* PinAnnotation.swift in Sources */,
				37E7911B2471C64400965E0D /* LocationListPresenter.swift in Sources */,
				37E7910224706F9800965E0D /* MapInteractor.swift in Sources */,
				37E790EE24704B1E00965E0D /* TabsPresenter.swift in Sources */,
				372A06A524677CC5001EC163 /* LoginRouter.swift in Sources */,
				37E790F224704B3C00965E0D /* TabsProtocols.swift in Sources */,
				37E790F52470553D00965E0D /* MapViewController.swift in Sources */,
				37E7911F2471C66E00965E0D /* LocationListProtocols.swift in Sources */,
				372A068A24676746001EC163 /* AppDelegate.swift in Sources */,
				372A068C24676746001EC163 /* SceneDelegate.swift in Sources */,
				37E7911224717BFF00965E0D /* StudentInfo.swift in Sources */,
				372A06A2246779AA001EC163 /* LoginProtocols.swift in Sources */,
				374276A824678A6C00E2A635 /* Constants.swift in Sources */,
			);
			runOnlyForDeploymentPostprocessing = 0;
		};
/* End PBXSourcesBuildPhase section */

/* Begin PBXVariantGroup section */
		372A068F24676746001EC163 /* Main.storyboard */ = {
			isa = PBXVariantGroup;
			children = (
				372A069024676746001EC163 /* Base */,
			);
			name = Main.storyboard;
			sourceTree = "<group>";
		};
		372A06942467674B001EC163 /* LaunchScreen.storyboard */ = {
			isa = PBXVariantGroup;
			children = (
				372A06952467674B001EC163 /* Base */,
			);
			name = LaunchScreen.storyboard;
			sourceTree = "<group>";
		};
/* End PBXVariantGroup section */

/* Begin XCBuildConfiguration section */
		372A06982467674B001EC163 /* Debug */ = {
			isa = XCBuildConfiguration;
			buildSettings = {
				ALWAYS_SEARCH_USER_PATHS = NO;
				CLANG_ANALYZER_NONNULL = YES;
				CLANG_ANALYZER_NUMBER_OBJECT_CONVERSION = YES_AGGRESSIVE;
				CLANG_CXX_LANGUAGE_STANDARD = "gnu++14";
				CLANG_CXX_LIBRARY = "libc++";
				CLANG_ENABLE_MODULES = YES;
				CLANG_ENABLE_OBJC_ARC = YES;
				CLANG_ENABLE_OBJC_WEAK = YES;
				CLANG_WARN_BLOCK_CAPTURE_AUTORELEASING = YES;
				CLANG_WARN_BOOL_CONVERSION = YES;
				CLANG_WARN_COMMA = YES;
				CLANG_WARN_CONSTANT_CONVERSION = YES;
				CLANG_WARN_DEPRECATED_OBJC_IMPLEMENTATIONS = YES;
				CLANG_WARN_DIRECT_OBJC_ISA_USAGE = YES_ERROR;
				CLANG_WARN_DOCUMENTATION_COMMENTS = YES;
				CLANG_WARN_EMPTY_BODY = YES;
				CLANG_WARN_ENUM_CONVERSION = YES;
				CLANG_WARN_INFINITE_RECURSION = YES;
				CLANG_WARN_INT_CONVERSION = YES;
				CLANG_WARN_NON_LITERAL_NULL_CONVERSION = YES;
				CLANG_WARN_OBJC_IMPLICIT_RETAIN_SELF = YES;
				CLANG_WARN_OBJC_LITERAL_CONVERSION = YES;
				CLANG_WARN_OBJC_ROOT_CLASS = YES_ERROR;
				CLANG_WARN_RANGE_LOOP_ANALYSIS = YES;
				CLANG_WARN_STRICT_PROTOTYPES = YES;
				CLANG_WARN_SUSPICIOUS_MOVE = YES;
				CLANG_WARN_UNGUARDED_AVAILABILITY = YES_AGGRESSIVE;
				CLANG_WARN_UNREACHABLE_CODE = YES;
				CLANG_WARN__DUPLICATE_METHOD_MATCH = YES;
				COPY_PHASE_STRIP = NO;
				DEBUG_INFORMATION_FORMAT = dwarf;
				ENABLE_STRICT_OBJC_MSGSEND = YES;
				ENABLE_TESTABILITY = YES;
				GCC_C_LANGUAGE_STANDARD = gnu11;
				GCC_DYNAMIC_NO_PIC = NO;
				GCC_NO_COMMON_BLOCKS = YES;
				GCC_OPTIMIZATION_LEVEL = 0;
				GCC_PREPROCESSOR_DEFINITIONS = (
					"DEBUG=1",
					"$(inherited)",
				);
				GCC_WARN_64_TO_32_BIT_CONVERSION = YES;
				GCC_WARN_ABOUT_RETURN_TYPE = YES_ERROR;
				GCC_WARN_UNDECLARED_SELECTOR = YES;
				GCC_WARN_UNINITIALIZED_AUTOS = YES_AGGRESSIVE;
				GCC_WARN_UNUSED_FUNCTION = YES;
				GCC_WARN_UNUSED_VARIABLE = YES;
				IPHONEOS_DEPLOYMENT_TARGET = 13.2;
				MTL_ENABLE_DEBUG_INFO = INCLUDE_SOURCE;
				MTL_FAST_MATH = YES;
				ONLY_ACTIVE_ARCH = YES;
				SDKROOT = iphoneos;
				SWIFT_ACTIVE_COMPILATION_CONDITIONS = DEBUG;
				SWIFT_OPTIMIZATION_LEVEL = "-Onone";
			};
			name = Debug;
		};
		372A06992467674B001EC163 /* Release */ = {
			isa = XCBuildConfiguration;
			buildSettings = {
				ALWAYS_SEARCH_USER_PATHS = NO;
				CLANG_ANALYZER_NONNULL = YES;
				CLANG_ANALYZER_NUMBER_OBJECT_CONVERSION = YES_AGGRESSIVE;
				CLANG_CXX_LANGUAGE_STANDARD = "gnu++14";
				CLANG_CXX_LIBRARY = "libc++";
				CLANG_ENABLE_MODULES = YES;
				CLANG_ENABLE_OBJC_ARC = YES;
				CLANG_ENABLE_OBJC_WEAK = YES;
				CLANG_WARN_BLOCK_CAPTURE_AUTORELEASING = YES;
				CLANG_WARN_BOOL_CONVERSION = YES;
				CLANG_WARN_COMMA = YES;
				CLANG_WARN_CONSTANT_CONVERSION = YES;
				CLANG_WARN_DEPRECATED_OBJC_IMPLEMENTATIONS = YES;
				CLANG_WARN_DIRECT_OBJC_ISA_USAGE = YES_ERROR;
				CLANG_WARN_DOCUMENTATION_COMMENTS = YES;
				CLANG_WARN_EMPTY_BODY = YES;
				CLANG_WARN_ENUM_CONVERSION = YES;
				CLANG_WARN_INFINITE_RECURSION = YES;
				CLANG_WARN_INT_CONVERSION = YES;
				CLANG_WARN_NON_LITERAL_NULL_CONVERSION = YES;
				CLANG_WARN_OBJC_IMPLICIT_RETAIN_SELF = YES;
				CLANG_WARN_OBJC_LITERAL_CONVERSION = YES;
				CLANG_WARN_OBJC_ROOT_CLASS = YES_ERROR;
				CLANG_WARN_RANGE_LOOP_ANALYSIS = YES;
				CLANG_WARN_STRICT_PROTOTYPES = YES;
				CLANG_WARN_SUSPICIOUS_MOVE = YES;
				CLANG_WARN_UNGUARDED_AVAILABILITY = YES_AGGRESSIVE;
				CLANG_WARN_UNREACHABLE_CODE = YES;
				CLANG_WARN__DUPLICATE_METHOD_MATCH = YES;
				COPY_PHASE_STRIP = NO;
				DEBUG_INFORMATION_FORMAT = "dwarf-with-dsym";
				ENABLE_NS_ASSERTIONS = NO;
				ENABLE_STRICT_OBJC_MSGSEND = YES;
				GCC_C_LANGUAGE_STANDARD = gnu11;
				GCC_NO_COMMON_BLOCKS = YES;
				GCC_WARN_64_TO_32_BIT_CONVERSION = YES;
				GCC_WARN_ABOUT_RETURN_TYPE = YES_ERROR;
				GCC_WARN_UNDECLARED_SELECTOR = YES;
				GCC_WARN_UNINITIALIZED_AUTOS = YES_AGGRESSIVE;
				GCC_WARN_UNUSED_FUNCTION = YES;
				GCC_WARN_UNUSED_VARIABLE = YES;
				IPHONEOS_DEPLOYMENT_TARGET = 13.2;
				MTL_ENABLE_DEBUG_INFO = NO;
				MTL_FAST_MATH = YES;
				SDKROOT = iphoneos;
				SWIFT_COMPILATION_MODE = wholemodule;
				SWIFT_OPTIMIZATION_LEVEL = "-O";
				VALIDATE_PRODUCT = YES;
			};
			name = Release;
		};
		372A069B2467674B001EC163 /* Debug */ = {
			isa = XCBuildConfiguration;
			buildSettings = {
				ASSETCATALOG_COMPILER_APPICON_NAME = AppIcon;
				CODE_SIGN_STYLE = Automatic;
				DEVELOPMENT_TEAM = 7L49BZZ75Y;
				INFOPLIST_FILE = "On The Map/Info.plist";
				IPHONEOS_DEPLOYMENT_TARGET = 11.0;
				LD_RUNPATH_SEARCH_PATHS = (
					"$(inherited)",
					"@executable_path/Frameworks",
				);
				PRODUCT_BUNDLE_IDENTIFIER = "com.gerardo-tc.On-The-Map";
				PRODUCT_NAME = "$(TARGET_NAME)";
				SWIFT_VERSION = 5.0;
				TARGETED_DEVICE_FAMILY = "1,2";
			};
			name = Debug;
		};
		372A069C2467674B001EC163 /* Release */ = {
			isa = XCBuildConfiguration;
			buildSettings = {
				ASSETCATALOG_COMPILER_APPICON_NAME = AppIcon;
				CODE_SIGN_STYLE = Automatic;
				DEVELOPMENT_TEAM = 7L49BZZ75Y;
				INFOPLIST_FILE = "On The Map/Info.plist";
				IPHONEOS_DEPLOYMENT_TARGET = 11.0;
				LD_RUNPATH_SEARCH_PATHS = (
					"$(inherited)",
					"@executable_path/Frameworks",
				);
				PRODUCT_BUNDLE_IDENTIFIER = "com.gerardo-tc.On-The-Map";
				PRODUCT_NAME = "$(TARGET_NAME)";
				SWIFT_VERSION = 5.0;
				TARGETED_DEVICE_FAMILY = "1,2";
			};
			name = Release;
		};
/* End XCBuildConfiguration section */

/* Begin XCConfigurationList section */
		372A068124676746001EC163 /* Build configuration list for PBXProject "On The Map" */ = {
			isa = XCConfigurationList;
			buildConfigurations = (
				372A06982467674B001EC163 /* Debug */,
				372A06992467674B001EC163 /* Release */,
			);
			defaultConfigurationIsVisible = 0;
			defaultConfigurationName = Release;
		};
		372A069A2467674B001EC163 /* Build configuration list for PBXNativeTarget "On The Map" */ = {
			isa = XCConfigurationList;
			buildConfigurations = (
				372A069B2467674B001EC163 /* Debug */,
				372A069C2467674B001EC163 /* Release */,
			);
			defaultConfigurationIsVisible = 0;
			defaultConfigurationName = Release;
		};
/* End XCConfigurationList section */
	};
	rootObject = 372A067E24676746001EC163 /* Project object */;
}
